// !$*UTF8*$!
{
	archiveVersion = 1;
	classes = {
	};
	objectVersion = 50;
	objects = {

/* Begin PBXBuildFile section */
		C29CEAA4226950A7008A4591 /* AppDelegate.swift in Sources */ = {isa = PBXBuildFile; fileRef = C29CEAA3226950A7008A4591 /* AppDelegate.swift */; };
		C29CEAA6226950A7008A4591 /* ViewController.swift in Sources */ = {isa = PBXBuildFile; fileRef = C29CEAA5226950A7008A4591 /* ViewController.swift */; };
		C29CEAA9226950A7008A4591 /* Main.storyboard in Resources */ = {isa = PBXBuildFile; fileRef = C29CEAA7226950A7008A4591 /* Main.storyboard */; };
		C29CEAAB226950A7008A4591 /* Assets.xcassets in Resources */ = {isa = PBXBuildFile; fileRef = C29CEAAA226950A7008A4591 /* Assets.xcassets */; };
		C29CEAAE226950A7008A4591 /* LaunchScreen.storyboard in Resources */ = {isa = PBXBuildFile; fileRef = C29CEAAC226950A7008A4591 /* LaunchScreen.storyboard */; };
		C2E8B4F82276367400A9A641 /* FlappyGameScene.swift in Sources */ = {isa = PBXBuildFile; fileRef = C2E8B4F72276367400A9A641 /* FlappyGameScene.swift */; };
		C2E8B4FB2278AC2B00A9A641 /* SpriteKit.framework in Frameworks */ = {isa = PBXBuildFile; fileRef = C2E8B4FA2278AC2B00A9A641 /* SpriteKit.framework */; };
		C2EC7392226993E500E14913 /* ViewController2.swift in Sources */ = {isa = PBXBuildFile; fileRef = C2EC7391226993E500E14913 /* ViewController2.swift */; };
		C2EC73942269942500E14913 /* ViewController3.swift in Sources */ = {isa = PBXBuildFile; fileRef = C2EC73932269942500E14913 /* ViewController3.swift */; };
		C2EC73962269943A00E14913 /* ViewController4.swift in Sources */ = {isa = PBXBuildFile; fileRef = C2EC73952269943A00E14913 /* ViewController4.swift */; };
/* End PBXBuildFile section */

/* Begin PBXFileReference section */
		C29CEAA0226950A7008A4591 /* Trifecta.app */ = {isa = PBXFileReference; explicitFileType = wrapper.application; includeInIndex = 0; path = Trifecta.app; sourceTree = BUILT_PRODUCTS_DIR; };
		C29CEAA3226950A7008A4591 /* AppDelegate.swift */ = {isa = PBXFileReference; lastKnownFileType = sourcecode.swift; path = AppDelegate.swift; sourceTree = "<group>"; };
		C29CEAA5226950A7008A4591 /* ViewController.swift */ = {isa = PBXFileReference; lastKnownFileType = sourcecode.swift; path = ViewController.swift; sourceTree = "<group>"; };
		C29CEAA8226950A7008A4591 /* Base */ = {isa = PBXFileReference; lastKnownFileType = file.storyboard; name = Base; path = Base.lproj/Main.storyboard; sourceTree = "<group>"; };
		C29CEAAA226950A7008A4591 /* Assets.xcassets */ = {isa = PBXFileReference; lastKnownFileType = folder.assetcatalog; path = Assets.xcassets; sourceTree = "<group>"; };
		C29CEAAD226950A7008A4591 /* Base */ = {isa = PBXFileReference; lastKnownFileType = file.storyboard; name = Base; path = Base.lproj/LaunchScreen.storyboard; sourceTree = "<group>"; };
		C29CEAAF226950A7008A4591 /* Info.plist */ = {isa = PBXFileReference; lastKnownFileType = text.plist.xml; path = Info.plist; sourceTree = "<group>"; };
		C2E8B4F72276367400A9A641 /* FlappyGameScene.swift */ = {isa = PBXFileReference; lastKnownFileType = sourcecode.swift; path = FlappyGameScene.swift; sourceTree = "<group>"; };
		C2E8B4FA2278AC2B00A9A641 /* SpriteKit.framework */ = {isa = PBXFileReference; lastKnownFileType = wrapper.framework; name = SpriteKit.framework; path = System/Library/Frameworks/SpriteKit.framework; sourceTree = SDKROOT; };
		C2EC7391226993E500E14913 /* ViewController2.swift */ = {isa = PBXFileReference; lastKnownFileType = sourcecode.swift; path = ViewController2.swift; sourceTree = "<group>"; };
		C2EC73932269942500E14913 /* ViewController3.swift */ = {isa = PBXFileReference; lastKnownFileType = sourcecode.swift; path = ViewController3.swift; sourceTree = "<group>"; };
		C2EC73952269943A00E14913 /* ViewController4.swift */ = {isa = PBXFileReference; lastKnownFileType = sourcecode.swift; path = ViewController4.swift; sourceTree = "<group>"; };
/* End PBXFileReference section */

/* Begin PBXFrameworksBuildPhase section */
		C29CEA9D226950A7008A4591 /* Frameworks */ = {
			isa = PBXFrameworksBuildPhase;
			buildActionMask = 2147483647;
			files = (
				C2E8B4FB2278AC2B00A9A641 /* SpriteKit.framework in Frameworks */,
			);
			runOnlyForDeploymentPostprocessing = 0;
		};
/* End PBXFrameworksBuildPhase section */

/* Begin PBXGroup section */
		C29CEA97226950A7008A4591 = {
			isa = PBXGroup;
			children = (
				C29CEAA2226950A7008A4591 /* Trifecta */,
				C29CEAA1226950A7008A4591 /* Products */,
				C2E8B4F92278AC2B00A9A641 /* Frameworks */,
			);
			sourceTree = "<group>";
		};
		C29CEAA1226950A7008A4591 /* Products */ = {
			isa = PBXGroup;
			children = (
				C29CEAA0226950A7008A4591 /* Trifecta.app */,
			);
			name = Products;
			sourceTree = "<group>";
		};
		C29CEAA2226950A7008A4591 /* Trifecta */ = {
			isa = PBXGroup;
			children = (
				C29CEAA3226950A7008A4591 /* AppDelegate.swift */,
				C29CEAA5226950A7008A4591 /* ViewController.swift */,
				C2EC7391226993E500E14913 /* ViewController2.swift */,
				C2EC73932269942500E14913 /* ViewController3.swift */,
				C2EC73952269943A00E14913 /* ViewController4.swift */,
				C2E8B4F72276367400A9A641 /* FlappyGameScene.swift */,
				C29CEAA7226950A7008A4591 /* Main.storyboard */,
				C29CEAAA226950A7008A4591 /* Assets.xcassets */,
				C29CEAAC226950A7008A4591 /* LaunchScreen.storyboard */,
				C29CEAAF226950A7008A4591 /* Info.plist */,
			);
			path = Trifecta;
			sourceTree = "<group>";
		};
		C2B62A2322C5B2A50060D82E /* New Group */ = {
			isa = PBXGroup;
			children = (
			);
			path = "New Group";
			sourceTree = "<group>";
		};
		C2E8B4F92278AC2B00A9A641 /* Frameworks */ = {
			isa = PBXGroup;
			children = (
				C2B62A2322C5B2A50060D82E /* New Group */,
				C2E8B4FA2278AC2B00A9A641 /* SpriteKit.framework */,
			);
			name = Frameworks;
			sourceTree = "<group>";
		};
/* End PBXGroup section */

/* Begin PBXNativeTarget section */
		C29CEA9F226950A7008A4591 /* Trifecta */ = {
			isa = PBXNativeTarget;
			buildConfigurationList = C29CEAB2226950A7008A4591 /* Build configuration list for PBXNativeTarget "Trifecta" */;
			buildPhases = (
				C29CEA9C226950A7008A4591 /* Sources */,
				C29CEA9D226950A7008A4591 /* Frameworks */,
				C29CEA9E226950A7008A4591 /* Resources */,
			);
			buildRules = (
			);
			dependencies = (
			);
			name = Trifecta;
			productName = Trifecta;
			productReference = C29CEAA0226950A7008A4591 /* Trifecta.app */;
			productType = "com.apple.product-type.application";
		};
/* End PBXNativeTarget section */

/* Begin PBXProject section */
		C29CEA98226950A7008A4591 /* Project object */ = {
			isa = PBXProject;
			attributes = {
				LastSwiftUpdateCheck = 1020;
				LastUpgradeCheck = 1020;
				ORGANIZATIONNAME = "Mike Dix";
				TargetAttributes = {
					C29CEA9F226950A7008A4591 = {
						CreatedOnToolsVersion = 10.2;
					};
				};
			};
			buildConfigurationList = C29CEA9B226950A7008A4591 /* Build configuration list for PBXProject "Trifecta" */;
			compatibilityVersion = "Xcode 9.3";
			developmentRegion = en;
			hasScannedForEncodings = 0;
			knownRegions = (
				en,
				Base,
			);
			mainGroup = C29CEA97226950A7008A4591;
			productRefGroup = C29CEAA1226950A7008A4591 /* Products */;
			projectDirPath = "";
			projectRoot = "";
			targets = (
				C29CEA9F226950A7008A4591 /* Trifecta */,
			);
		};
/* End PBXProject section */

/* Begin PBXResourcesBuildPhase section */
		C29CEA9E226950A7008A4591 /* Resources */ = {
			isa = PBXResourcesBuildPhase;
			buildActionMask = 2147483647;
			files = (
				C29CEAAE226950A7008A4591 /* LaunchScreen.storyboard in Resources */,
				C29CEAAB226950A7008A4591 /* Assets.xcassets in Resources */,
				C29CEAA9226950A7008A4591 /* Main.storyboard in Resources */,
			);
			runOnlyForDeploymentPostprocessing = 0;
		};
/* End PBXResourcesBuildPhase section */

/* Begin PBXSourcesBuildPhase section */
		C29CEA9C226950A7008A4591 /* Sources */ = {
			isa = PBXSourcesBuildPhase;
			buildActionMask = 2147483647;
			files = (
				C2E8B4F82276367400A9A641 /* FlappyGameScene.swift in Sources */,
				C29CEAA6226950A7008A4591 /* ViewController.swift in Sources */,
				C29CEAA4226950A7008A4591 /* AppDelegate.swift in Sources */,
				C2EC73942269942500E14913 /* ViewController3.swift in Sources */,
				C2EC7392226993E500E14913 /* ViewController2.swift in Sources */,
				C2EC73962269943A00E14913 /* ViewController4.swift in Sources */,
			);
			runOnlyForDeploymentPostprocessing = 0;
		};
/* End PBXSourcesBuildPhase section */

/* Begin PBXVariantGroup section */
		C29CEAA7226950A7008A4591 /* Main.storyboard */ = {
			isa = PBXVariantGroup;
			children = (
				C29CEAA8226950A7008A4591 /* Base */,
			);
			name = Main.storyboard;
			sourceTree = "<group>";
		};
		C29CEAAC226950A7008A4591 /* LaunchScreen.storyboard */ = {
			isa = PBXVariantGroup;
			children = (
				C29CEAAD226950A7008A4591 /* Base */,
			);
			name = LaunchScreen.storyboard;
			sourceTree = "<group>";
		};
/* End PBXVariantGroup section */

/* Begin XCBuildConfiguration section */
		C29CEAB0226950A7008A4591 /* Debug */ = {
			isa = XCBuildConfiguration;
			buildSettings = {
				ALWAYS_SEARCH_USER_PATHS = NO;
				CLANG_ANALYZER_NONNULL = YES;
				CLANG_ANALYZER_NUMBER_OBJECT_CONVERSION = YES_AGGRESSIVE;
				CLANG_CXX_LANGUAGE_STANDARD = "gnu++14";
				CLANG_CXX_LIBRARY = "libc++";
				CLANG_ENABLE_MODULES = YES;
				CLANG_ENABLE_OBJC_ARC = YES;
				CLANG_ENABLE_OBJC_WEAK = YES;
				CLANG_WARN_BLOCK_CAPTURE_AUTORELEASING = YES;
				CLANG_WARN_BOOL_CONVERSION = YES;
				CLANG_WARN_COMMA = YES;
				CLANG_WARN_CONSTANT_CONVERSION = YES;
				CLANG_WARN_DEPRECATED_OBJC_IMPLEMENTATIONS = YES;
				CLANG_WARN_DIRECT_OBJC_ISA_USAGE = YES_ERROR;
				CLANG_WARN_DOCUMENTATION_COMMENTS = YES;
				CLANG_WARN_EMPTY_BODY = YES;
				CLANG_WARN_ENUM_CONVERSION = YES;
				CLANG_WARN_INFINITE_RECURSION = YES;
				CLANG_WARN_INT_CONVERSION = YES;
				CLANG_WARN_NON_LITERAL_NULL_CONVERSION = YES;
				CLANG_WARN_OBJC_IMPLICIT_RETAIN_SELF = YES;
				CLANG_WARN_OBJC_LITERAL_CONVERSION = YES;
				CLANG_WARN_OBJC_ROOT_CLASS = YES_ERROR;
				CLANG_WARN_RANGE_LOOP_ANALYSIS = YES;
				CLANG_WARN_STRICT_PROTOTYPES = YES;
				CLANG_WARN_SUSPICIOUS_MOVE = YES;
				CLANG_WARN_UNGUARDED_AVAILABILITY = YES_AGGRESSIVE;
				CLANG_WARN_UNREACHABLE_CODE = YES;
				CLANG_WARN__DUPLICATE_METHOD_MATCH = YES;
				CODE_SIGN_IDENTITY = "iPhone Developer";
				COPY_PHASE_STRIP = NO;
				DEBUG_INFORMATION_FORMAT = dwarf;
				ENABLE_STRICT_OBJC_MSGSEND = YES;
				ENABLE_TESTABILITY = YES;
				GCC_C_LANGUAGE_STANDARD = gnu11;
				GCC_DYNAMIC_NO_PIC = NO;
				GCC_NO_COMMON_BLOCKS = YES;
				GCC_OPTIMIZATION_LEVEL = 0;
				GCC_PREPROCESSOR_DEFINITIONS = (
					"DEBUG=1",
					"$(inherited)",
				);
				GCC_WARN_64_TO_32_BIT_CONVERSION = YES;
				GCC_WARN_ABOUT_RETURN_TYPE = YES_ERROR;
				GCC_WARN_UNDECLARED_SELECTOR = YES;
				GCC_WARN_UNINITIALIZED_AUTOS = YES_AGGRESSIVE;
				GCC_WARN_UNUSED_FUNCTION = YES;
				GCC_WARN_UNUSED_VARIABLE = YES;
				IPHONEOS_DEPLOYMENT_TARGET = 12.2;
				MTL_ENABLE_DEBUG_INFO = INCLUDE_SOURCE;
				MTL_FAST_MATH = YES;
				ONLY_ACTIVE_ARCH = YES;
				SDKROOT = iphoneos;
				SWIFT_ACTIVE_COMPILATION_CONDITIONS = DEBUG;
				SWIFT_OPTIMIZATION_LEVEL = "-Onone";
			};
			name = Debug;
		};
		C29CEAB1226950A7008A4591 /* Release */ = {
			isa = XCBuildConfiguration;
			buildSettings = {
				ALWAYS_SEARCH_USER_PATHS = NO;
				CLANG_ANALYZER_NONNULL = YES;
				CLANG_ANALYZER_NUMBER_OBJECT_CONVERSION = YES_AGGRESSIVE;
				CLANG_CXX_LANGUAGE_STANDARD = "gnu++14";
				CLANG_CXX_LIBRARY = "libc++";
				CLANG_ENABLE_MODULES = YES;
				CLANG_ENABLE_OBJC_ARC = YES;
				CLANG_ENABLE_OBJC_WEAK = YES;
				CLANG_WARN_BLOCK_CAPTURE_AUTORELEASING = YES;
				CLANG_WARN_BOOL_CONVERSION = YES;
				CLANG_WARN_COMMA = YES;
				CLANG_WARN_CONSTANT_CONVERSION = YES;
				CLANG_WARN_DEPRECATED_OBJC_IMPLEMENTATIONS = YES;
				CLANG_WARN_DIRECT_OBJC_ISA_USAGE = YES_ERROR;
				CLANG_WARN_DOCUMENTATION_COMMENTS = YES;
				CLANG_WARN_EMPTY_BODY = YES;
				CLANG_WARN_ENUM_CONVERSION = YES;
				CLANG_WARN_INFINITE_RECURSION = YES;
				CLANG_WARN_INT_CONVERSION = YES;
				CLANG_WARN_NON_LITERAL_NULL_CONVERSION = YES;
				CLANG_WARN_OBJC_IMPLICIT_RETAIN_SELF = YES;
				CLANG_WARN_OBJC_LITERAL_CONVERSION = YES;
				CLANG_WARN_OBJC_ROOT_CLASS = YES_ERROR;
				CLANG_WARN_RANGE_LOOP_ANALYSIS = YES;
				CLANG_WARN_STRICT_PROTOTYPES = YES;
				CLANG_WARN_SUSPICIOUS_MOVE = YES;
				CLANG_WARN_UNGUARDED_AVAILABILITY = YES_AGGRESSIVE;
				CLANG_WARN_UNREACHABLE_CODE = YES;
				CLANG_WARN__DUPLICATE_METHOD_MATCH = YES;
				CODE_SIGN_IDENTITY = "iPhone Developer";
				COPY_PHASE_STRIP = NO;
				DEBUG_INFORMATION_FORMAT = "dwarf-with-dsym";
				ENABLE_NS_ASSERTIONS = NO;
				ENABLE_STRICT_OBJC_MSGSEND = YES;
				GCC_C_LANGUAGE_STANDARD = gnu11;
				GCC_NO_COMMON_BLOCKS = YES;
				GCC_WARN_64_TO_32_BIT_CONVERSION = YES;
				GCC_WARN_ABOUT_RETURN_TYPE = YES_ERROR;
				GCC_WARN_UNDECLARED_SELECTOR = YES;
				GCC_WARN_UNINITIALIZED_AUTOS = YES_AGGRESSIVE;
				GCC_WARN_UNUSED_FUNCTION = YES;
				GCC_WARN_UNUSED_VARIABLE = YES;
				IPHONEOS_DEPLOYMENT_TARGET = 12.2;
				MTL_ENABLE_DEBUG_INFO = NO;
				MTL_FAST_MATH = YES;
				SDKROOT = iphoneos;
				SWIFT_COMPILATION_MODE = wholemodule;
				SWIFT_OPTIMIZATION_LEVEL = "-O";
				VALIDATE_PRODUCT = YES;
			};
			name = Release;
		};
		C29CEAB3226950A7008A4591 /* Debug */ = {
			isa = XCBuildConfiguration;
			buildSettings = {
				ASSETCATALOG_COMPILER_APPICON_NAME = AppIcon;
				CODE_SIGN_STYLE = Automatic;
				DEVELOPMENT_TEAM = 3494AN3YUF;
				INFOPLIST_FILE = Trifecta/Info.plist;
				LD_RUNPATH_SEARCH_PATHS = (
					"$(inherited)",
					"@executable_path/Frameworks",
				);
				PRODUCT_BUNDLE_IDENTIFIER = GodFlowDix.Trifecta;
				PRODUCT_NAME = "$(TARGET_NAME)";
				SWIFT_VERSION = 5.0;
				TARGETED_DEVICE_FAMILY = "1,2";
			};
			name = Debug;
		};
		C29CEAB4226950A7008A4591 /* Release */ = {
			isa = XCBuildConfiguration;
			buildSettings = {
				ASSETCATALOG_COMPILER_APPICON_NAME = AppIcon;
				CODE_SIGN_STYLE = Automatic;
				DEVELOPMENT_TEAM = 3494AN3YUF;
				INFOPLIST_FILE = Trifecta/Info.plist;
				LD_RUNPATH_SEARCH_PATHS = (
					"$(inherited)",
					"@executable_path/Frameworks",
				);
				PRODUCT_BUNDLE_IDENTIFIER = GodFlowDix.Trifecta;
				PRODUCT_NAME = "$(TARGET_NAME)";
				SWIFT_VERSION = 5.0;
				TARGETED_DEVICE_FAMILY = "1,2";
			};
			name = Release;
		};
/* End XCBuildConfiguration section */

/* Begin XCConfigurationList section */
		C29CEA9B226950A7008A4591 /* Build configuration list for PBXProject "Trifecta" */ = {
			isa = XCConfigurationList;
			buildConfigurations = (
				C29CEAB0226950A7008A4591 /* Debug */,
				C29CEAB1226950A7008A4591 /* Release */,
			);
			defaultConfigurationIsVisible = 0;
			defaultConfigurationName = Release;
		};
		C29CEAB2226950A7008A4591 /* Build configuration list for PBXNativeTarget "Trifecta" */ = {
			isa = XCConfigurationList;
			buildConfigurations = (
				C29CEAB3226950A7008A4591 /* Debug */,
				C29CEAB4226950A7008A4591 /* Release */,
			);
			defaultConfigurationIsVisible = 0;
			defaultConfigurationName = Release;
		};
/* End XCConfigurationList section */
	};
	rootObject = C29CEA98226950A7008A4591 /* Project object */;
}
